
Microsoft Visual Studio Solution File, Format Version 12.00
# Visual Studio Version 16
VisualStudioVersion = 16.0.31729.503
MinimumVisualStudioVersion = 10.0.40219.1
Project("{FAE04EC0-301F-11D3-BF4B-00C04F79EFBC}") = "Gradebook", "Gradebook\Gradebook.csproj", "{9E1BF109-107E-420A-A4B9-664DFBC7CFAE}"
EndProject
Global
	GlobalSection(SolutionConfigurationPlatforms) = preSolution
		Debug|Any CPU = Debug|Any CPU
		Release|Any CPU = Release|Any CPU
	EndGlobalSection
	GlobalSection(ProjectConfigurationPlatforms) = postSolution
		{9E1BF109-107E-420A-A4B9-664DFBC7CFAE}.Debug|Any CPU.ActiveCfg = Debug|Any CPU
		{9E1BF109-107E-420A-A4B9-664DFBC7CFAE}.Debug|Any CPU.Build.0 = Debug|Any CPU
		{9E1BF109-107E-420A-A4B9-664DFBC7CFAE}.Release|Any CPU.ActiveCfg = Release|Any CPU
		{9E1BF109-107E-420A-A4B9-664DFBC7CFAE}.Release|Any CPU.Build.0 = Release|Any CPU
	EndGlobalSection
	GlobalSection(SolutionProperties) = preSolution
		HideSolutionNode = FALSE
	EndGlobalSection
	GlobalSection(ExtensibilityGlobals) = postSolution
		SolutionGuid = {227E577E-6CBF-4498-A9D3-51A673E9E1C7}
	EndGlobalSection
EndGlobal
